
Microsoft Visual Studio Solution File, Format Version 10.00
# Visual C++ Express 2008
Project("{8BC9CEB8-8B4A-11D0-8D11-00A0C91BC942}") = "NppYEtc", "NppYEtc.vcproj", "{5CD0D0B1-CFE5-43ED-A287-A5FF627EDEBF}"
EndProject
Global
	GlobalSection(SolutionConfigurationPlatforms) = preSolution
		Debug|Win32 = Debug|Win32
		Release|Win32 = Release|Win32
	EndGlobalSection
	GlobalSection(ProjectConfigurationPlatforms) = postSolution
		{5CD0D0B1-CFE5-43ED-A287-A5FF627EDEBF}.Debug|Win32.ActiveCfg = Debug|Win32
		{5CD0D0B1-CFE5-43ED-A287-A5FF627EDEBF}.Debug|Win32.Build.0 = Debug|Win32
		{5CD0D0B1-CFE5-43ED-A287-A5FF627EDEBF}.Release|Win32.ActiveCfg = Release|Win32
		{5CD0D0B1-CFE5-43ED-A287-A5FF627EDEBF}.Release|Win32.Build.0 = Release|Win32
	EndGlobalSection
	GlobalSection(SolutionProperties) = preSolution
		HideSolutionNode = FALSE
	EndGlobalSection
EndGlobal
